
Microsoft Visual Studio Solution File, Format Version 12.00
# Visual Studio Version 17
VisualStudioVersion = 17.5.33530.505
MinimumVisualStudioVersion = 10.0.40219.1
Project("{2150E333-8FDC-42A3-9474-1A3956D46DE8}") = "src", "src", "{CDDED400-709D-490D-8611-2F476F1490D0}"
	ProjectSection(SolutionItems) = preProject
		.gitignore = .gitignore
	EndProjectSection
EndProject
Project("{9A19103F-16F7-4668-BE54-9A1E7A4F7556}") = "ApartmentFinder.Domain", "ApartmentFinder.Domain\ApartmentFinder.Domain.csproj", "{5173573C-DEEC-4C96-AD94-0A6CC5E84BC5}"
EndProject
Project("{9A19103F-16F7-4668-BE54-9A1E7A4F7556}") = "ApartmentFinder.Application", "ApartmentFinder.Application\ApartmentFinder.Application.csproj", "{44876832-70A1-4993-A81F-1CEC0968EFAA}"
EndProject
Project("{9A19103F-16F7-4668-BE54-9A1E7A4F7556}") = "ApartmentFinder.Infrastructure", "ApartmentFinder.Infrastructure\ApartmentFinder.Infrastructure.csproj", "{F68C997F-5421-402C-8017-FC86B59AA03C}"
EndProject
Project("{9A19103F-16F7-4668-BE54-9A1E7A4F7556}") = "ApartmentFinder.API", "ApartmentFinder.API\ApartmentFinder.API.csproj", "{5F169AB1-0D35-4029-806A-BDFA88D04354}"
EndProject
Project("{E53339B2-1760-4266-BCC7-CA923CBCF16C}") = "docker-compose", "docker-compose.dcproj", "{6CCA2EFB-B130-4488-8FC6-096793CC85EF}"
EndProject
Project("{2150E333-8FDC-42A3-9474-1A3956D46DE8}") = ".files", ".files", "{89DC2ECC-E79A-4725-8E56-BD74E6C89132}"
	ProjectSection(SolutionItems) = preProject
		apartmentfinder-realm-export.json = apartmentfinder-realm-export.json
	EndProjectSection
EndProject
Project("{2150E333-8FDC-42A3-9474-1A3956D46DE8}") = "tests", "tests", "{BCAD8996-1D5A-4CF5-92BF-7EEFC241F0E6}"
EndProject
Project("{9A19103F-16F7-4668-BE54-9A1E7A4F7556}") = "ApartmentFinder.Domain.UnitTests", "tests\ApartmentFinder.Domain.UnitTests\ApartmentFinder.Domain.UnitTests.csproj", "{82D44605-1E3D-4CAF-BBA1-08B95B4DA126}"
EndProject
Project("{9A19103F-16F7-4668-BE54-9A1E7A4F7556}") = "ApartmentFinder.Application.UnitTests", "tests\ApartmentFinder.Application.UnitTests\ApartmentFinder.Application.UnitTests.csproj", "{D07C4BAA-4BC0-49CB-A32A-6CCFF8321AA9}"
EndProject
Project("{FAE04EC0-301F-11D3-BF4B-00C04F79EFBC}") = "ApartmentFinder.ArchitectureTests", "tests\ApartmentFinder.ArchitectureTests\ApartmentFinder.ArchitectureTests.csproj", "{93427A18-D9DE-422A-96F0-F04DB6537677}"
EndProject
Global
	GlobalSection(SolutionConfigurationPlatforms) = preSolution
		Debug|Any CPU = Debug|Any CPU
		Release|Any CPU = Release|Any CPU
	EndGlobalSection
	GlobalSection(ProjectConfigurationPlatforms) = postSolution
		{5173573C-DEEC-4C96-AD94-0A6CC5E84BC5}.Debug|Any CPU.ActiveCfg = Debug|Any CPU
		{5173573C-DEEC-4C96-AD94-0A6CC5E84BC5}.Debug|Any CPU.Build.0 = Debug|Any CPU
		{5173573C-DEEC-4C96-AD94-0A6CC5E84BC5}.Release|Any CPU.ActiveCfg = Release|Any CPU
		{5173573C-DEEC-4C96-AD94-0A6CC5E84BC5}.Release|Any CPU.Build.0 = Release|Any CPU
		{44876832-70A1-4993-A81F-1CEC0968EFAA}.Debug|Any CPU.ActiveCfg = Debug|Any CPU
		{44876832-70A1-4993-A81F-1CEC0968EFAA}.Debug|Any CPU.Build.0 = Debug|Any CPU
		{44876832-70A1-4993-A81F-1CEC0968EFAA}.Release|Any CPU.ActiveCfg = Release|Any CPU
		{44876832-70A1-4993-A81F-1CEC0968EFAA}.Release|Any CPU.Build.0 = Release|Any CPU
		{F68C997F-5421-402C-8017-FC86B59AA03C}.Debug|Any CPU.ActiveCfg = Debug|Any CPU
		{F68C997F-5421-402C-8017-FC86B59AA03C}.Debug|Any CPU.Build.0 = Debug|Any CPU
		{F68C997F-5421-402C-8017-FC86B59AA03C}.Release|Any CPU.ActiveCfg = Release|Any CPU
		{F68C997F-5421-402C-8017-FC86B59AA03C}.Release|Any CPU.Build.0 = Release|Any CPU
		{5F169AB1-0D35-4029-806A-BDFA88D04354}.Debug|Any CPU.ActiveCfg = Debug|Any CPU
		{5F169AB1-0D35-4029-806A-BDFA88D04354}.Debug|Any CPU.Build.0 = Debug|Any CPU
		{5F169AB1-0D35-4029-806A-BDFA88D04354}.Release|Any CPU.ActiveCfg = Release|Any CPU
		{5F169AB1-0D35-4029-806A-BDFA88D04354}.Release|Any CPU.Build.0 = Release|Any CPU
		{6CCA2EFB-B130-4488-8FC6-096793CC85EF}.Debug|Any CPU.ActiveCfg = Debug|Any CPU
		{6CCA2EFB-B130-4488-8FC6-096793CC85EF}.Debug|Any CPU.Build.0 = Debug|Any CPU
		{6CCA2EFB-B130-4488-8FC6-096793CC85EF}.Release|Any CPU.ActiveCfg = Release|Any CPU
		{6CCA2EFB-B130-4488-8FC6-096793CC85EF}.Release|Any CPU.Build.0 = Release|Any CPU
		{82D44605-1E3D-4CAF-BBA1-08B95B4DA126}.Debug|Any CPU.ActiveCfg = Debug|Any CPU
		{82D44605-1E3D-4CAF-BBA1-08B95B4DA126}.Debug|Any CPU.Build.0 = Debug|Any CPU
		{82D44605-1E3D-4CAF-BBA1-08B95B4DA126}.Release|Any CPU.ActiveCfg = Release|Any CPU
		{82D44605-1E3D-4CAF-BBA1-08B95B4DA126}.Release|Any CPU.Build.0 = Release|Any CPU
		{D07C4BAA-4BC0-49CB-A32A-6CCFF8321AA9}.Debug|Any CPU.ActiveCfg = Debug|Any CPU
		{D07C4BAA-4BC0-49CB-A32A-6CCFF8321AA9}.Debug|Any CPU.Build.0 = Debug|Any CPU
		{D07C4BAA-4BC0-49CB-A32A-6CCFF8321AA9}.Release|Any CPU.ActiveCfg = Release|Any CPU
		{D07C4BAA-4BC0-49CB-A32A-6CCFF8321AA9}.Release|Any CPU.Build.0 = Release|Any CPU
		{93427A18-D9DE-422A-96F0-F04DB6537677}.Debug|Any CPU.ActiveCfg = Debug|Any CPU
		{93427A18-D9DE-422A-96F0-F04DB6537677}.Debug|Any CPU.Build.0 = Debug|Any CPU
		{93427A18-D9DE-422A-96F0-F04DB6537677}.Release|Any CPU.ActiveCfg = Release|Any CPU
		{93427A18-D9DE-422A-96F0-F04DB6537677}.Release|Any CPU.Build.0 = Release|Any CPU
	EndGlobalSection
	GlobalSection(SolutionProperties) = preSolution
		HideSolutionNode = FALSE
	EndGlobalSection
	GlobalSection(NestedProjects) = preSolution
		{5173573C-DEEC-4C96-AD94-0A6CC5E84BC5} = {CDDED400-709D-490D-8611-2F476F1490D0}
		{44876832-70A1-4993-A81F-1CEC0968EFAA} = {CDDED400-709D-490D-8611-2F476F1490D0}
		{F68C997F-5421-402C-8017-FC86B59AA03C} = {CDDED400-709D-490D-8611-2F476F1490D0}
		{5F169AB1-0D35-4029-806A-BDFA88D04354} = {CDDED400-709D-490D-8611-2F476F1490D0}
		{82D44605-1E3D-4CAF-BBA1-08B95B4DA126} = {BCAD8996-1D5A-4CF5-92BF-7EEFC241F0E6}
		{D07C4BAA-4BC0-49CB-A32A-6CCFF8321AA9} = {BCAD8996-1D5A-4CF5-92BF-7EEFC241F0E6}
		{93427A18-D9DE-422A-96F0-F04DB6537677} = {BCAD8996-1D5A-4CF5-92BF-7EEFC241F0E6}
	EndGlobalSection
	GlobalSection(ExtensibilityGlobals) = postSolution
		SolutionGuid = {715ABDFC-17D6-479E-A4E8-124B3D7BFF50}
	EndGlobalSection
EndGlobal
